PODS:
  - SwiftMessages (6.0.1):
    - SwiftMessages/App (= 6.0.1)
  - SwiftMessages/App (6.0.1)

DEPENDENCIES:
  - SwiftMessages

SPEC REPOS:
  https://github.com/cocoapods/specs.git:
    - SwiftMessages

SPEC CHECKSUMS:
  SwiftMessages: 42ed7b6e1f2f1ead9ee667dc61a0ae87e4f49570

PODFILE CHECKSUM: 27ed41a4c401f905532e70edaee165e1812b0f40

COCOAPODS: 1.5.3
