PODS:
  - SwiftMessages (6.0.2):
    - SwiftMessages/App (= 6.0.2)
  - SwiftMessages/App (6.0.2)

DEPENDENCIES:
  - SwiftMessages

SPEC REPOS:
  https://github.com/cocoapods/specs.git:
    - SwiftMessages

SPEC CHECKSUMS:
  SwiftMessages: 8b3cc68dba2f1c91aac1a74c90b10287aac35371

PODFILE CHECKSUM: 778997de510b13aa69193cb143495c3112b035c4

COCOAPODS: 1.6.0
